<?xml version="1.0" encoding="utf-8"?>
<Project ToolsVersion="4.0" xmlns="http://schemas.microsoft.com/developer/msbuild/2003">
  <ItemGroup>
    <Filter Include="Init">
      <UniqueIdentifier>{97c650da-40b3-46e2-99b5-5586ebe1e2ab}</UniqueIdentifier>
    </Filter>
    <Filter Include="Debug">
      <UniqueIdentifier>{e5fdd49d-4ba0-4da8-9c9b-5c8576581ebe}</UniqueIdentifier>
    </Filter>
  </ItemGroup>
  <ItemGroup>
    <ClCompile Include="entry.cpp">
      <Filter>Init</Filter>
    </ClCompile>
    <ClCompile Include="main.cpp">
      <Filter>Init</Filter>
    </ClCompile>
    <ClCompile Include="DebugDisplay.cpp">
      <Filter>Debug</Filter>
    </ClCompile>
    <ClCompile Include="exception.cpp" />
    <ClCompile Include="mmngr_phys.cpp" />
    <ClCompile Include="mmngr_virtual.cpp" />
    <ClCompile Include="panic.cpp" />
    <ClCompile Include="vmmngr_pde.cpp" />
    <ClCompile Include="vmmngr_pte.cpp" />
  </ItemGroup>
  <ItemGroup>
    <ClInclude Include="DebugDisplay.h">
      <Filter>Debug</Filter>
    </ClInclude>
    <ClInclude Include="exception.h" />
    <ClInclude Include="mmngr_phys.h" />
    <ClInclude Include="mmngr_virtual.h" />
    <ClInclude Include="vmmngr_pde.h" />
    <ClInclude Include="vmmngr_pte.h" />
  </ItemGroup>
  <ItemGroup>
    <ResourceCompile Include="Resource.rc" />
  </ItemGroup>
</Project>